// !$*UTF8*$!
{
	archiveVersion = 1;
	classes = {
	};
	objectVersion = 48;
	objects = {

/* Begin PBXBuildFile section */
		9303E76921026169008759DF /* TestViewController.swift in Sources */ = {isa = PBXBuildFile; fileRef = 9303E76821026169008759DF /* TestViewController.swift */; };
		938A4E9C2101054500B75988 /* AppDelegate.swift in Sources */ = {isa = PBXBuildFile; fileRef = 938A4E9B2101054500B75988 /* AppDelegate.swift */; };
		938A4E9E2101054500B75988 /* ViewController.swift in Sources */ = {isa = PBXBuildFile; fileRef = 938A4E9D2101054500B75988 /* ViewController.swift */; };
		938A4EA12101054500B75988 /* Main.storyboard in Resources */ = {isa = PBXBuildFile; fileRef = 938A4E9F2101054500B75988 /* Main.storyboard */; };
		938A4EA32101054500B75988 /* Assets.xcassets in Resources */ = {isa = PBXBuildFile; fileRef = 938A4EA22101054500B75988 /* Assets.xcassets */; };
		938A4EA62101054500B75988 /* LaunchScreen.storyboard in Resources */ = {isa = PBXBuildFile; fileRef = 938A4EA42101054500B75988 /* LaunchScreen.storyboard */; };
		938A4EB0210105B900B75988 /* MapKit.framework in Frameworks */ = {isa = PBXBuildFile; fileRef = 938A4EAE210105B100B75988 /* MapKit.framework */; };
/* End PBXBuildFile section */

/* Begin PBXFileReference section */
		9303E76821026169008759DF /* TestViewController.swift */ = {isa = PBXFileReference; fileEncoding = 4; lastKnownFileType = sourcecode.swift; name = TestViewController.swift; path = ../../TestViewController.swift; sourceTree = "<group>"; };
		938A4E982101054500B75988 /* SimpleNav.app */ = {isa = PBXFileReference; explicitFileType = wrapper.application; includeInIndex = 0; path = SimpleNav.app; sourceTree = BUILT_PRODUCTS_DIR; };
		938A4E9B2101054500B75988 /* AppDelegate.swift */ = {isa = PBXFileReference; lastKnownFileType = sourcecode.swift; path = AppDelegate.swift; sourceTree = "<group>"; };
		938A4E9D2101054500B75988 /* ViewController.swift */ = {isa = PBXFileReference; lastKnownFileType = sourcecode.swift; path = ViewController.swift; sourceTree = "<group>"; };
		938A4EA02101054500B75988 /* Base */ = {isa = PBXFileReference; lastKnownFileType = file.storyboard; name = Base; path = Base.lproj/Main.storyboard; sourceTree = "<group>"; };
		938A4EA22101054500B75988 /* Assets.xcassets */ = {isa = PBXFileReference; lastKnownFileType = folder.assetcatalog; path = Assets.xcassets; sourceTree = "<group>"; };
		938A4EA52101054500B75988 /* Base */ = {isa = PBXFileReference; lastKnownFileType = file.storyboard; name = Base; path = Base.lproj/LaunchScreen.storyboard; sourceTree = "<group>"; };
		938A4EA72101054500B75988 /* Info.plist */ = {isa = PBXFileReference; lastKnownFileType = text.plist.xml; path = Info.plist; sourceTree = "<group>"; };
		938A4EAE210105B100B75988 /* MapKit.framework */ = {isa = PBXFileReference; lastKnownFileType = wrapper.framework; name = MapKit.framework; path = System/Library/Frameworks/MapKit.framework; sourceTree = SDKROOT; };
/* End PBXFileReference section */

/* Begin PBXFrameworksBuildPhase section */
		938A4E952101054500B75988 /* Frameworks */ = {
			isa = PBXFrameworksBuildPhase;
			buildActionMask = 2147483647;
			files = (
				938A4EB0210105B900B75988 /* MapKit.framework in Frameworks */,
			);
			runOnlyForDeploymentPostprocessing = 0;
		};
/* End PBXFrameworksBuildPhase section */

/* Begin PBXGroup section */
		938A4E8F2101054500B75988 = {
			isa = PBXGroup;
			children = (
				938A4E9A2101054500B75988 /* SimpleNav */,
				938A4E992101054500B75988 /* Products */,
				938A4EAD210105B100B75988 /* Frameworks */,
			);
			sourceTree = "<group>";
		};
		938A4E992101054500B75988 /* Products */ = {
			isa = PBXGroup;
			children = (
				938A4E982101054500B75988 /* SimpleNav.app */,
			);
			name = Products;
			sourceTree = "<group>";
		};
		938A4E9A2101054500B75988 /* SimpleNav */ = {
			isa = PBXGroup;
			children = (
				938A4E9B2101054500B75988 /* AppDelegate.swift */,
				938A4E9D2101054500B75988 /* ViewController.swift */,
				9303E76821026169008759DF /* TestViewController.swift */,
				938A4E9F2101054500B75988 /* Main.storyboard */,
				938A4EA22101054500B75988 /* Assets.xcassets */,
				938A4EA42101054500B75988 /* LaunchScreen.storyboard */,
				938A4EA72101054500B75988 /* Info.plist */,
			);
			path = SimpleNav;
			sourceTree = "<group>";
		};
		938A4EAD210105B100B75988 /* Frameworks */ = {
			isa = PBXGroup;
			children = (
				938A4EAE210105B100B75988 /* MapKit.framework */,
			);
			name = Frameworks;
			sourceTree = "<group>";
		};
/* End PBXGroup section */

/* Begin PBXNativeTarget section */
		938A4E972101054500B75988 /* SimpleNav */ = {
			isa = PBXNativeTarget;
			buildConfigurationList = 938A4EAA2101054500B75988 /* Build configuration list for PBXNativeTarget "SimpleNav" */;
			buildPhases = (
				938A4E942101054500B75988 /* Sources */,
				938A4E952101054500B75988 /* Frameworks */,
				938A4E962101054500B75988 /* Resources */,
			);
			buildRules = (
			);
			dependencies = (
			);
			name = SimpleNav;
			productName = SimpleNav;
			productReference = 938A4E982101054500B75988 /* SimpleNav.app */;
			productType = "com.apple.product-type.application";
		};
/* End PBXNativeTarget section */

/* Begin PBXProject section */
		938A4E902101054500B75988 /* Project object */ = {
			isa = PBXProject;
			attributes = {
				LastSwiftUpdateCheck = 0920;
				LastUpgradeCheck = 0920;
				ORGANIZATIONNAME = "BarCode Designs";
				TargetAttributes = {
					938A4E972101054500B75988 = {
						CreatedOnToolsVersion = 9.2;
						ProvisioningStyle = Automatic;
						SystemCapabilities = {
							com.apple.BackgroundModes = {
								enabled = 1;
							};
							com.apple.Maps.iOS = {
								enabled = 1;
							};
						};
					};
				};
			};
			buildConfigurationList = 938A4E932101054500B75988 /* Build configuration list for PBXProject "SimpleNav" */;
			compatibilityVersion = "Xcode 8.0";
			developmentRegion = en;
			hasScannedForEncodings = 0;
			knownRegions = (
				en,
				Base,
			);
			mainGroup = 938A4E8F2101054500B75988;
			productRefGroup = 938A4E992101054500B75988 /* Products */;
			projectDirPath = "";
			projectRoot = "";
			targets = (
				938A4E972101054500B75988 /* SimpleNav */,
			);
		};
/* End PBXProject section */

/* Begin PBXResourcesBuildPhase section */
		938A4E962101054500B75988 /* Resources */ = {
			isa = PBXResourcesBuildPhase;
			buildActionMask = 2147483647;
			files = (
				938A4EA62101054500B75988 /* LaunchScreen.storyboard in Resources */,
				938A4EA32101054500B75988 /* Assets.xcassets in Resources */,
				938A4EA12101054500B75988 /* Main.storyboard in Resources */,
			);
			runOnlyForDeploymentPostprocessing = 0;
		};
/* End PBXResourcesBuildPhase section */

/* Begin PBXSourcesBuildPhase section */
		938A4E942101054500B75988 /* Sources */ = {
			isa = PBXSourcesBuildPhase;
			buildActionMask = 2147483647;
			files = (
				938A4E9E2101054500B75988 /* ViewController.swift in Sources */,
				9303E76921026169008759DF /* TestViewController.swift in Sources */,
				938A4E9C2101054500B75988 /* AppDelegate.swift in Sources */,
			);
			runOnlyForDeploymentPostprocessing = 0;
		};
/* End PBXSourcesBuildPhase section */

/* Begin PBXVariantGroup section */
		938A4E9F2101054500B75988 /* Main.storyboard */ = {
			isa = PBXVariantGroup;
			children = (
				938A4EA02101054500B75988 /* Base */,
			);
			name = Main.storyboard;
			sourceTree = "<group>";
		};
		938A4EA42101054500B75988 /* LaunchScreen.storyboard */ = {
			isa = PBXVariantGroup;
			children = (
				938A4EA52101054500B75988 /* Base */,
			);
			name = LaunchScreen.storyboard;
			sourceTree = "<group>";
		};
/* End PBXVariantGroup section */

/* Begin XCBuildConfiguration section */
		938A4EA82101054500B75988 /* Debug */ = {
			isa = XCBuildConfiguration;
			buildSettings = {
				ALWAYS_SEARCH_USER_PATHS = NO;
				CLANG_ANALYZER_NONNULL = YES;
				CLANG_ANALYZER_NUMBER_OBJECT_CONVERSION = YES_AGGRESSIVE;
				CLANG_CXX_LANGUAGE_STANDARD = "gnu++14";
				CLANG_CXX_LIBRARY = "libc++";
				CLANG_ENABLE_MODULES = YES;
				CLANG_ENABLE_OBJC_ARC = YES;
				CLANG_WARN_BLOCK_CAPTURE_AUTORELEASING = YES;
				CLANG_WARN_BOOL_CONVERSION = YES;
				CLANG_WARN_COMMA = YES;
				CLANG_WARN_CONSTANT_CONVERSION = YES;
				CLANG_WARN_DIRECT_OBJC_ISA_USAGE = YES_ERROR;
				CLANG_WARN_DOCUMENTATION_COMMENTS = YES;
				CLANG_WARN_EMPTY_BODY = YES;
				CLANG_WARN_ENUM_CONVERSION = YES;
				CLANG_WARN_INFINITE_RECURSION = YES;
				CLANG_WARN_INT_CONVERSION = YES;
				CLANG_WARN_NON_LITERAL_NULL_CONVERSION = YES;
				CLANG_WARN_OBJC_LITERAL_CONVERSION = YES;
				CLANG_WARN_OBJC_ROOT_CLASS = YES_ERROR;
				CLANG_WARN_RANGE_LOOP_ANALYSIS = YES;
				CLANG_WARN_STRICT_PROTOTYPES = YES;
				CLANG_WARN_SUSPICIOUS_MOVE = YES;
				CLANG_WARN_UNGUARDED_AVAILABILITY = YES_AGGRESSIVE;
				CLANG_WARN_UNREACHABLE_CODE = YES;
				CLANG_WARN__DUPLICATE_METHOD_MATCH = YES;
				CODE_SIGN_IDENTITY = "iPhone Developer";
				COPY_PHASE_STRIP = NO;
				DEBUG_INFORMATION_FORMAT = dwarf;
				ENABLE_STRICT_OBJC_MSGSEND = YES;
				ENABLE_TESTABILITY = YES;
				GCC_C_LANGUAGE_STANDARD = gnu11;
				GCC_DYNAMIC_NO_PIC = NO;
				GCC_NO_COMMON_BLOCKS = YES;
				GCC_OPTIMIZATION_LEVEL = 0;
				GCC_PREPROCESSOR_DEFINITIONS = (
					"DEBUG=1",
					"$(inherited)",
				);
				GCC_WARN_64_TO_32_BIT_CONVERSION = YES;
				GCC_WARN_ABOUT_RETURN_TYPE = YES_ERROR;
				GCC_WARN_UNDECLARED_SELECTOR = YES;
				GCC_WARN_UNINITIALIZED_AUTOS = YES_AGGRESSIVE;
				GCC_WARN_UNUSED_FUNCTION = YES;
				GCC_WARN_UNUSED_VARIABLE = YES;
				IPHONEOS_DEPLOYMENT_TARGET = 11.2;
				MTL_ENABLE_DEBUG_INFO = YES;
				ONLY_ACTIVE_ARCH = YES;
				SDKROOT = iphoneos;
				SWIFT_ACTIVE_COMPILATION_CONDITIONS = DEBUG;
				SWIFT_OPTIMIZATION_LEVEL = "-Onone";
			};
			name = Debug;
		};
		938A4EA92101054500B75988 /* Release */ = {
			isa = XCBuildConfiguration;
			buildSettings = {
				ALWAYS_SEARCH_USER_PATHS = NO;
				CLANG_ANALYZER_NONNULL = YES;
				CLANG_ANALYZER_NUMBER_OBJECT_CONVERSION = YES_AGGRESSIVE;
				CLANG_CXX_LANGUAGE_STANDARD = "gnu++14";
				CLANG_CXX_LIBRARY = "libc++";
				CLANG_ENABLE_MODULES = YES;
				CLANG_ENABLE_OBJC_ARC = YES;
				CLANG_WARN_BLOCK_CAPTURE_AUTORELEASING = YES;
				CLANG_WARN_BOOL_CONVERSION = YES;
				CLANG_WARN_COMMA = YES;
				CLANG_WARN_CONSTANT_CONVERSION = YES;
				CLANG_WARN_DIRECT_OBJC_ISA_USAGE = YES_ERROR;
				CLANG_WARN_DOCUMENTATION_COMMENTS = YES;
				CLANG_WARN_EMPTY_BODY = YES;
				CLANG_WARN_ENUM_CONVERSION = YES;
				CLANG_WARN_INFINITE_RECURSION = YES;
				CLANG_WARN_INT_CONVERSION = YES;
				CLANG_WARN_NON_LITERAL_NULL_CONVERSION = YES;
				CLANG_WARN_OBJC_LITERAL_CONVERSION = YES;
				CLANG_WARN_OBJC_ROOT_CLASS = YES_ERROR;
				CLANG_WARN_RANGE_LOOP_ANALYSIS = YES;
				CLANG_WARN_STRICT_PROTOTYPES = YES;
				CLANG_WARN_SUSPICIOUS_MOVE = YES;
				CLANG_WARN_UNGUARDED_AVAILABILITY = YES_AGGRESSIVE;
				CLANG_WARN_UNREACHABLE_CODE = YES;
				CLANG_WARN__DUPLICATE_METHOD_MATCH = YES;
				CODE_SIGN_IDENTITY = "iPhone Developer";
				COPY_PHASE_STRIP = NO;
				DEBUG_INFORMATION_FORMAT = "dwarf-with-dsym";
				ENABLE_NS_ASSERTIONS = NO;
				ENABLE_STRICT_OBJC_MSGSEND = YES;
				GCC_C_LANGUAGE_STANDARD = gnu11;
				GCC_NO_COMMON_BLOCKS = YES;
				GCC_WARN_64_TO_32_BIT_CONVERSION = YES;
				GCC_WARN_ABOUT_RETURN_TYPE = YES_ERROR;
				GCC_WARN_UNDECLARED_SELECTOR = YES;
				GCC_WARN_UNINITIALIZED_AUTOS = YES_AGGRESSIVE;
				GCC_WARN_UNUSED_FUNCTION = YES;
				GCC_WARN_UNUSED_VARIABLE = YES;
				IPHONEOS_DEPLOYMENT_TARGET = 11.2;
				MTL_ENABLE_DEBUG_INFO = NO;
				SDKROOT = iphoneos;
				SWIFT_OPTIMIZATION_LEVEL = "-Owholemodule";
				VALIDATE_PRODUCT = YES;
			};
			name = Release;
		};
		938A4EAB2101054500B75988 /* Debug */ = {
			isa = XCBuildConfiguration;
			buildSettings = {
				ASSETCATALOG_COMPILER_APPICON_NAME = AppIcon;
				CODE_SIGN_STYLE = Automatic;
				DEVELOPMENT_TEAM = K6D7U78644;
				INFOPLIST_FILE = SimpleNav/Info.plist;
				LD_RUNPATH_SEARCH_PATHS = "$(inherited) @executable_path/Frameworks";
				PRODUCT_BUNDLE_IDENTIFIER = com.barcode.simplenav3.SimpleNav;
				PRODUCT_NAME = "$(TARGET_NAME)";
				SWIFT_VERSION = 4.0;
				TARGETED_DEVICE_FAMILY = "1,2";
			};
			name = Debug;
		};
		938A4EAC2101054500B75988 /* Release */ = {
			isa = XCBuildConfiguration;
			buildSettings = {
				ASSETCATALOG_COMPILER_APPICON_NAME = AppIcon;
				CODE_SIGN_STYLE = Automatic;
				DEVELOPMENT_TEAM = K6D7U78644;
				INFOPLIST_FILE = SimpleNav/Info.plist;
				LD_RUNPATH_SEARCH_PATHS = "$(inherited) @executable_path/Frameworks";
				PRODUCT_BUNDLE_IDENTIFIER = com.barcode.simplenav3.SimpleNav;
				PRODUCT_NAME = "$(TARGET_NAME)";
				SWIFT_VERSION = 4.0;
				TARGETED_DEVICE_FAMILY = "1,2";
			};
			name = Release;
		};
/* End XCBuildConfiguration section */

/* Begin XCConfigurationList section */
		938A4E932101054500B75988 /* Build configuration list for PBXProject "SimpleNav" */ = {
			isa = XCConfigurationList;
			buildConfigurations = (
				938A4EA82101054500B75988 /* Debug */,
				938A4EA92101054500B75988 /* Release */,
			);
			defaultConfigurationIsVisible = 0;
			defaultConfigurationName = Release;
		};
		938A4EAA2101054500B75988 /* Build configuration list for PBXNativeTarget "SimpleNav" */ = {
			isa = XCConfigurationList;
			buildConfigurations = (
				938A4EAB2101054500B75988 /* Debug */,
				938A4EAC2101054500B75988 /* Release */,
			);
			defaultConfigurationIsVisible = 0;
			defaultConfigurationName = Release;
		};
/* End XCConfigurationList section */
	};
	rootObject = 938A4E902101054500B75988 /* Project object */;
}
